
Microsoft Visual Studio Solution File, Format Version 12.00
# Visual Studio Version 17
VisualStudioVersion = 17.4.33122.133
MinimumVisualStudioVersion = 10.0.40219.1
Project("{FAE04EC0-301F-11D3-BF4B-00C04F79EFBC}") = "Neo4jGraphQl", "Neo4jGraphQl\Neo4jGraphQl.csproj", "{32E1C787-FF62-4457-9154-6B31A3EDD2CE}"
EndProject
Global
	GlobalSection(SolutionConfigurationPlatforms) = preSolution
		Debug|Any CPU = Debug|Any CPU
		Release|Any CPU = Release|Any CPU
	EndGlobalSection
	GlobalSection(ProjectConfigurationPlatforms) = postSolution
		{32E1C787-FF62-4457-9154-6B31A3EDD2CE}.Debug|Any CPU.ActiveCfg = Debug|Any CPU
		{32E1C787-FF62-4457-9154-6B31A3EDD2CE}.Debug|Any CPU.Build.0 = Debug|Any CPU
		{32E1C787-FF62-4457-9154-6B31A3EDD2CE}.Release|Any CPU.ActiveCfg = Release|Any CPU
		{32E1C787-FF62-4457-9154-6B31A3EDD2CE}.Release|Any CPU.Build.0 = Release|Any CPU
	EndGlobalSection
	GlobalSection(SolutionProperties) = preSolution
		HideSolutionNode = FALSE
	EndGlobalSection
	GlobalSection(ExtensibilityGlobals) = postSolution
		SolutionGuid = {EF883CEC-7211-42EA-BC03-9E01591EF6FB}
	EndGlobalSection
EndGlobal
